
Microsoft Visual Studio Solution File, Format Version 12.00
# Visual Studio Version 17
VisualStudioVersion = 17.3.32811.315
MinimumVisualStudioVersion = 10.0.40219.1
Project("{FAE04EC0-301F-11D3-BF4B-00C04F79EFBC}") = "SiteCrawler", "SiteCrawler.csproj", "{6975AC2F-59AD-40D7-900B-D52209A8FCEA}"
EndProject
Project("{FAE04EC0-301F-11D3-BF4B-00C04F79EFBC}") = "SiteCrowlerTests", "..\SiteCrowlerTests\SiteCrowlerTests.csproj", "{7B3BD806-BD22-4515-A0CC-4E0FE4E857DA}"
EndProject
Global
	GlobalSection(SolutionConfigurationPlatforms) = preSolution
		Debug|Any CPU = Debug|Any CPU
		Release|Any CPU = Release|Any CPU
	EndGlobalSection
	GlobalSection(ProjectConfigurationPlatforms) = postSolution
		{6975AC2F-59AD-40D7-900B-D52209A8FCEA}.Debug|Any CPU.ActiveCfg = Debug|Any CPU
		{6975AC2F-59AD-40D7-900B-D52209A8FCEA}.Debug|Any CPU.Build.0 = Debug|Any CPU
		{6975AC2F-59AD-40D7-900B-D52209A8FCEA}.Release|Any CPU.ActiveCfg = Release|Any CPU
		{6975AC2F-59AD-40D7-900B-D52209A8FCEA}.Release|Any CPU.Build.0 = Release|Any CPU
		{7B3BD806-BD22-4515-A0CC-4E0FE4E857DA}.Debug|Any CPU.ActiveCfg = Debug|Any CPU
		{7B3BD806-BD22-4515-A0CC-4E0FE4E857DA}.Debug|Any CPU.Build.0 = Debug|Any CPU
		{7B3BD806-BD22-4515-A0CC-4E0FE4E857DA}.Release|Any CPU.ActiveCfg = Release|Any CPU
		{7B3BD806-BD22-4515-A0CC-4E0FE4E857DA}.Release|Any CPU.Build.0 = Release|Any CPU
	EndGlobalSection
	GlobalSection(SolutionProperties) = preSolution
		HideSolutionNode = FALSE
	EndGlobalSection
	GlobalSection(ExtensibilityGlobals) = postSolution
		SolutionGuid = {F4F80B61-CDCB-40FC-B7DF-67F07CA2D0C3}
	EndGlobalSection
EndGlobal
